
Microsoft Visual Studio Solution File, Format Version 12.00
# Visual Studio 15
VisualStudioVersion = 15.0.28307.902
MinimumVisualStudioVersion = 10.0.40219.1
Project("{FAE04EC0-301F-11D3-BF4B-00C04F79EFBC}") = "VirusChecker", "VirusChecker\VirusChecker.csproj", "{95F7571C-362B-459D-A184-64D7D7F5D454}"
EndProject
Project("{FAE04EC0-301F-11D3-BF4B-00C04F79EFBC}") = "VirusChecker.Models", "VirusChecker.Models\VirusChecker.Models.csproj", "{23510DCF-1B7C-4B83-9542-8AF4108959D0}"
EndProject
Project("{FAE04EC0-301F-11D3-BF4B-00C04F79EFBC}") = "VirusChecker.Tester", "VirusChecker.Tester\VirusChecker.Tester.csproj", "{B6C3F84D-7455-4875-AA09-5F4DEF3EA5C6}"
EndProject
Global
	GlobalSection(SolutionConfigurationPlatforms) = preSolution
		Debug|Any CPU = Debug|Any CPU
		Release|Any CPU = Release|Any CPU
	EndGlobalSection
	GlobalSection(ProjectConfigurationPlatforms) = postSolution
		{95F7571C-362B-459D-A184-64D7D7F5D454}.Debug|Any CPU.ActiveCfg = Debug|Any CPU
		{95F7571C-362B-459D-A184-64D7D7F5D454}.Debug|Any CPU.Build.0 = Debug|Any CPU
		{95F7571C-362B-459D-A184-64D7D7F5D454}.Release|Any CPU.ActiveCfg = Release|Any CPU
		{95F7571C-362B-459D-A184-64D7D7F5D454}.Release|Any CPU.Build.0 = Release|Any CPU
		{23510DCF-1B7C-4B83-9542-8AF4108959D0}.Debug|Any CPU.ActiveCfg = Debug|Any CPU
		{23510DCF-1B7C-4B83-9542-8AF4108959D0}.Debug|Any CPU.Build.0 = Debug|Any CPU
		{23510DCF-1B7C-4B83-9542-8AF4108959D0}.Release|Any CPU.ActiveCfg = Release|Any CPU
		{23510DCF-1B7C-4B83-9542-8AF4108959D0}.Release|Any CPU.Build.0 = Release|Any CPU
		{B6C3F84D-7455-4875-AA09-5F4DEF3EA5C6}.Debug|Any CPU.ActiveCfg = Debug|Any CPU
		{B6C3F84D-7455-4875-AA09-5F4DEF3EA5C6}.Debug|Any CPU.Build.0 = Debug|Any CPU
		{B6C3F84D-7455-4875-AA09-5F4DEF3EA5C6}.Release|Any CPU.ActiveCfg = Release|Any CPU
		{B6C3F84D-7455-4875-AA09-5F4DEF3EA5C6}.Release|Any CPU.Build.0 = Release|Any CPU
	EndGlobalSection
	GlobalSection(SolutionProperties) = preSolution
		HideSolutionNode = FALSE
	EndGlobalSection
	GlobalSection(ExtensibilityGlobals) = postSolution
		SolutionGuid = {5EC8C8AF-1BBB-47C3-A24C-40377C0C1957}
	EndGlobalSection
EndGlobal
